
Microsoft Visual Studio Solution File, Format Version 12.00
# Visual Studio Version 16
VisualStudioVersion = 16.0.29519.181
MinimumVisualStudioVersion = 10.0.40219.1
Project("{FAE04EC0-301F-11D3-BF4B-00C04F79EFBC}") = "QuangMay", "QuangMay\QuangMay.csproj", "{FB474E74-D88F-40AC-B1EC-9C0104CE1ACD}"
EndProject
Global
	GlobalSection(SolutionConfigurationPlatforms) = preSolution
		Debug|Any CPU = Debug|Any CPU
		Release|Any CPU = Release|Any CPU
	EndGlobalSection
	GlobalSection(ProjectConfigurationPlatforms) = postSolution
		{FB474E74-D88F-40AC-B1EC-9C0104CE1ACD}.Debug|Any CPU.ActiveCfg = Debug|Any CPU
		{FB474E74-D88F-40AC-B1EC-9C0104CE1ACD}.Debug|Any CPU.Build.0 = Debug|Any CPU
		{FB474E74-D88F-40AC-B1EC-9C0104CE1ACD}.Release|Any CPU.ActiveCfg = Release|Any CPU
		{FB474E74-D88F-40AC-B1EC-9C0104CE1ACD}.Release|Any CPU.Build.0 = Release|Any CPU
	EndGlobalSection
	GlobalSection(SolutionProperties) = preSolution
		HideSolutionNode = FALSE
	EndGlobalSection
	GlobalSection(ExtensibilityGlobals) = postSolution
		SolutionGuid = {919ABC60-1D15-48E8-B121-4112D573702C}
	EndGlobalSection
EndGlobal
